{
    "_readme": [
        "This file locks the dependencies of your project to a known state",
        "Read more about it at https://getcomposer.org/doc/01-basic-usage.md#composer-lock-the-lock-file",
        "This file is @generated automatically"
    ],
    "hash": "270aa72138a83b4db4c2fea8a95fa4c2",
    "content-hash": "ac5b241150312594ec53d705d6b70104",
    "packages": [
        {
            "name": "bjyoungblood/bjy-authorize",
            "version": "dev-master",
            "source": {
                "type": "git",
                "url": "https://github.com/bjyoungblood/BjyAuthorize.git",
                "reference": "87e10dac52506fe36fa8676292d46a3dce92099d"
            },
            "dist": {
                "type": "zip",
                "url": "https://api.github.com/repos/bjyoungblood/BjyAuthorize/zipball/87e10dac52506fe36fa8676292d46a3dce92099d",
                "reference": "87e10dac52506fe36fa8676292d46a3dce92099d",
                "shasum": ""
            },
            "require": {
                "php": ">=5.3.3",
                "zendframework/zend-cache": "~2.2",
                "zendframework/zend-eventmanager": "~2.2",
                "zendframework/zend-http": "~2.2",
                "zendframework/zend-mvc": "~2.2",
                "zendframework/zend-permissions-acl": "~2.2",
                "zendframework/zend-servicemanager": "~2.2",
                "zendframework/zend-view": "~2.2"
            },
            "require-dev": {
                "doctrine/common": ">=2.3,<2.5-dev",
                "phpunit/phpunit": "~3.7",
                "satooshi/php-coveralls": "~0.6",
                "squizlabs/php_codesniffer": "1.4.*",
                "zendframework/zend-developer-tools": "0.*",
                "zf-commons/zfc-user": "1.*"
            },
            "type": "library",
            "extra": {
                "branch-alias": {
                    "dev-master": "1.5-dev"
                }
            },
            "autoload": {
                "psr-0": {
                    "BjyAuthorize\\": "src/"
                }
            },
            "notification-url": "https://packagist.org/downloads/",
            "license": [
                "BSD-3-Clause"
            ],
            "authors": [
                {
                    "name": "Marco Pivetta",
                    "email": "ocramius@gmail.com",
                    "homepage": "http://ocramius.github.com/",
                    "role": "Developer"
                },
                {
                    "name": "Ben Youngblood",
                    "email": "bx.youngblood@gmail.com",
                    "homepage": "http://bjyoungblood.com/",
                    "role": "Developer"
                }
            ],
            "description": "Zend\\Acl based firewall system for ZF2 dispatch protection",
            "homepage": "https://github.com/bjyoungblood/BjyAuthorize",
            "keywords": [
                "acl",
                "zf2",
                "zfc-user"
            ],
            "time": "2015-07-25 21:11:49"
        },
        {
            "name": "dino/dompdf-module",
            "version": "dev-master",
            "source": {
                "type": "git",
                "url": "https://github.com/raykolbe/DOMPDFModule.git",
                "reference": "38ccd51f24e5fb98431296b9ce7cd3ab61213e12"
            },
            "dist": {
                "type": "zip",
                "url": "https://api.github.com/repos/raykolbe/DOMPDFModule/zipball/38ccd51f24e5fb98431296b9ce7cd3ab61213e12",
                "reference": "38ccd51f24e5fb98431296b9ce7cd3ab61213e12",
                "shasum": ""
            },
            "require": {
                "dompdf/dompdf": "^0.6.0",
                "php": ">=5.3.29",
                "zendframework/zend-console": "^2.1.6",
                "zendframework/zend-http": "^2.1.6",
                "zendframework/zend-i18n": "^2.1.6",
                "zendframework/zend-loader": "^2.1.6",
                "zendframework/zend-log": "^2.1.6",
                "zendframework/zend-modulemanager": "^2.1.6",
                "zendframework/zend-mvc": "^2.1.6 <2.7",
                "zendframework/zend-serializer": "^2.1.6",
                "zendframework/zend-servicemanager": "^2.1.6",
                "zendframework/zend-view": "^2.1.6"
            },
            "require-dev": {
                "codeclimate/php-test-reporter": "^0.3.2",
                "fabpot/php-cs-fixer": "^1.12",
                "phpmd/phpmd": "^2.4",
                "phpunit/phpunit": "^4.8.27",
                "squizlabs/php_codesniffer": "^2.7"
            },
            "type": "library",
            "autoload": {
                "psr-0": {
                    "DOMPDFModule": "src/"
                }
            },
            "notification-url": "https://packagist.org/downloads/",
            "license": [
                "MIT"
            ],
            "authors": [
                {
                    "name": "Raymond J. Kolbe",
                    "email": "rkolbe@gmail.com"
                }
            ],
            "description": "A Zend Framework 2 module for incorporating DOMPDF support.",
            "homepage": "http://raymondkolbe.com",
            "keywords": [
                "dompdf",
                "pdf",
                "zf2"
            ],
            "time": "2016-11-02 02:09:44"
        },
        {
            "name": "dlu/dlutwbootstrap",
            "version": "dev-master",
            "source": {
                "type": "git",
                "url": "https://bitbucket.org/dlu/dlutwbootstrap.git",
                "reference": "843d123dbb8e2eba65d4ef58f7cdaf7f59b0d51d"
            },
            "dist": {
                "type": "zip",
                "url": "https://bitbucket.org/dlu/dlutwbootstrap/get/843d123dbb8e2eba65d4ef58f7cdaf7f59b0d51d.zip",
                "reference": "843d123dbb8e2eba65d4ef58f7cdaf7f59b0d51d",
                "shasum": ""
            },
            "require": {
                "php": ">=5.3.3",
                "zendframework/zendframework": ">=2.1.0"
            },
            "type": "library",
            "autoload": {
                "psr-0": {
                    "DluTwBootstrap": "src/"
                },
                "classmap": [
                    "./Module.php"
                ]
            },
            "notification-url": "https://packagist.org/downloads/",
            "license": [
                "New-BSD-License"
            ],
            "authors": [
                {
                    "name": "David Lukas",
                    "homepage": "http://www.zfdaily.com"
                }
            ],
            "description": "ZF2 module to generate Twitter Bootstrap UI - forms, navigation, etc.",
            "homepage": "https://bitbucket.org/dlu/dlutwbootstrap",
            "keywords": [
                "dlutwbootstrap",
                "module",
                "twitter bootstrap",
                "zend framework 2",
                "zf2"
            ],
            "time": "2013-03-27 12:05:57"
        },
        {
            "name": "dompdf/dompdf",
            "version": "v0.6.2",
            "source": {
                "type": "git",
                "url": "https://github.com/dompdf/dompdf.git",
                "reference": "cc06008f75262510ee135b8cbb14e333a309f651"
            },
            "dist": {
                "type": "zip",
                "url": "https://api.github.com/repos/dompdf/dompdf/zipball/cc06008f75262510ee135b8cbb14e333a309f651",
                "reference": "cc06008f75262510ee135b8cbb14e333a309f651",
                "shasum": ""
            },
            "require": {
                "phenx/php-font-lib": "0.2.*"
            },
            "type": "library",
            "autoload": {
                "classmap": [
                    "include/"
                ]
            },
            "notification-url": "https://packagist.org/downloads/",
            "license": [
                "LGPL"
            ],
            "authors": [
                {
                    "name": "Fabien Ménager",
                    "email": "fabien.menager@gmail.com"
                },
                {
                    "name": "Brian Sweeney",
                    "email": "eclecticgeek@gmail.com"
                }
            ],
            "description": "DOMPDF is a CSS 2.1 compliant HTML to PDF converter",
            "homepage": "https://github.com/dompdf/dompdf",
            "time": "2015-12-07 04:07:13"
        },
        {
            "name": "phenx/php-font-lib",
            "version": "0.2.2",
            "source": {
                "type": "git",
                "url": "https://github.com/PhenX/php-font-lib.git",
                "reference": "c30c7fc00a6b0d863e9bb4c5d5dd015298b2dc82"
            },
            "dist": {
                "type": "zip",
                "url": "https://api.github.com/repos/PhenX/php-font-lib/zipball/c30c7fc00a6b0d863e9bb4c5d5dd015298b2dc82",
                "reference": "c30c7fc00a6b0d863e9bb4c5d5dd015298b2dc82",
                "shasum": ""
            },
            "type": "library",
            "autoload": {
                "classmap": [
                    "classes/"
                ]
            },
            "notification-url": "https://packagist.org/downloads/",
            "license": [
                "LGPL"
            ],
            "authors": [
                {
                    "name": "Fabien Ménager",
                    "email": "fabien.menager@gmail.com"
                }
            ],
            "description": "A library to read, parse, export and make subsets of different types of font files.",
            "homepage": "https://github.com/PhenX/php-font-lib",
            "time": "2014-02-01 15:22:28"
        },
        {
            "name": "phpoffice/phpexcel",
            "version": "1.8.1",
            "source": {
                "type": "git",
                "url": "https://github.com/PHPOffice/PHPExcel.git",
                "reference": "372c7cbb695a6f6f1e62649381aeaa37e7e70b32"
            },
            "dist": {
                "type": "zip",
                "url": "https://api.github.com/repos/PHPOffice/PHPExcel/zipball/372c7cbb695a6f6f1e62649381aeaa37e7e70b32",
                "reference": "372c7cbb695a6f6f1e62649381aeaa37e7e70b32",
                "shasum": ""
            },
            "require": {
                "ext-xml": "*",
                "ext-xmlwriter": "*",
                "php": ">=5.2.0"
            },
            "type": "library",
            "autoload": {
                "psr-0": {
                    "PHPExcel": "Classes/"
                }
            },
            "notification-url": "https://packagist.org/downloads/",
            "license": [
                "LGPL"
            ],
            "authors": [
                {
                    "name": "Maarten Balliauw",
                    "homepage": "http://blog.maartenballiauw.be"
                },
                {
                    "name": "Mark Baker"
                },
                {
                    "name": "Franck Lefevre",
                    "homepage": "http://blog.rootslabs.net"
                },
                {
                    "name": "Erik Tilt"
                }
            ],
            "description": "PHPExcel - OpenXML - Read, Create and Write Spreadsheet documents in PHP - Spreadsheet engine",
            "homepage": "http://phpexcel.codeplex.com",
            "keywords": [
                "OpenXML",
                "excel",
                "php",
                "spreadsheet",
                "xls",
                "xlsx"
            ],
            "time": "2015-05-01 07:00:55"
        },
        {
            "name": "zendframework/zendframework",
            "version": "2.3.9",
            "source": {
                "type": "git",
                "url": "https://github.com/zendframework/zendframework.git",
                "reference": "32858f883fffb5eef9f610b538ed026f6033b6de"
            },
            "dist": {
                "type": "zip",
                "url": "https://api.github.com/repos/zendframework/zendframework/zipball/32858f883fffb5eef9f610b538ed026f6033b6de",
                "reference": "32858f883fffb5eef9f610b538ed026f6033b6de",
                "shasum": ""
            },
            "require": {
                "php": ">=5.3.23",
                "zendframework/zendxml": "~1.0-dev"
            },
            "replace": {
                "zendframework/zend-authentication": "self.version",
                "zendframework/zend-barcode": "self.version",
                "zendframework/zend-cache": "self.version",
                "zendframework/zend-captcha": "self.version",
                "zendframework/zend-code": "self.version",
                "zendframework/zend-config": "self.version",
                "zendframework/zend-console": "self.version",
                "zendframework/zend-crypt": "self.version",
                "zendframework/zend-db": "self.version",
                "zendframework/zend-debug": "self.version",
                "zendframework/zend-di": "self.version",
                "zendframework/zend-dom": "self.version",
                "zendframework/zend-escaper": "self.version",
                "zendframework/zend-eventmanager": "self.version",
                "zendframework/zend-feed": "self.version",
                "zendframework/zend-file": "self.version",
                "zendframework/zend-filter": "self.version",
                "zendframework/zend-form": "self.version",
                "zendframework/zend-http": "self.version",
                "zendframework/zend-i18n": "self.version",
                "zendframework/zend-inputfilter": "self.version",
                "zendframework/zend-json": "self.version",
                "zendframework/zend-ldap": "self.version",
                "zendframework/zend-loader": "self.version",
                "zendframework/zend-log": "self.version",
                "zendframework/zend-mail": "self.version",
                "zendframework/zend-math": "self.version",
                "zendframework/zend-memory": "self.version",
                "zendframework/zend-mime": "self.version",
                "zendframework/zend-modulemanager": "self.version",
                "zendframework/zend-mvc": "self.version",
                "zendframework/zend-navigation": "self.version",
                "zendframework/zend-paginator": "self.version",
                "zendframework/zend-permissions-acl": "self.version",
                "zendframework/zend-permissions-rbac": "self.version",
                "zendframework/zend-progressbar": "self.version",
                "zendframework/zend-resources": "self.version",
                "zendframework/zend-serializer": "self.version",
                "zendframework/zend-server": "self.version",
                "zendframework/zend-servicemanager": "self.version",
                "zendframework/zend-session": "self.version",
                "zendframework/zend-soap": "self.version",
                "zendframework/zend-stdlib": "self.version",
                "zendframework/zend-tag": "self.version",
                "zendframework/zend-test": "self.version",
                "zendframework/zend-text": "self.version",
                "zendframework/zend-uri": "self.version",
                "zendframework/zend-validator": "self.version",
                "zendframework/zend-version": "self.version",
                "zendframework/zend-view": "self.version",
                "zendframework/zend-xmlrpc": "self.version"
            },
            "require-dev": {
                "doctrine/annotations": ">=1.0",
                "fabpot/php-cs-fixer": "1.*",
                "ircmaxell/random-lib": "dev-master",
                "ircmaxell/security-lib": "dev-master",
                "mikey179/vfsstream": "1.2.*",
                "phpunit/phpunit": "3.7.*",
                "satooshi/php-coveralls": "dev-master",
                "sebastianbergmann/phpcov": "1.1.0"
            },
            "suggest": {
                "doctrine/annotations": "Doctrine Annotations >=1.0 for annotation features",
                "ext-intl": "ext/intl for i18n features (included in default builds of PHP)",
                "ircmaxell/random-lib": "Fallback random byte generator for Zend\\Math\\Rand if OpenSSL/Mcrypt extensions are unavailable",
                "ocramius/proxy-manager": "ProxyManager 0.5.* to handle lazy initialization of services",
                "zendframework/zendpdf": "ZendPdf for creating PDF representations of barcodes",
                "zendframework/zendservice-recaptcha": "ZendService\\ReCaptcha for rendering ReCaptchas in Zend\\Captcha and/or Zend\\Form"
            },
            "bin": [
                "bin/classmap_generator.php",
                "bin/pluginmap_generator.php",
                "bin/templatemap_generator.php"
            ],
            "type": "library",
            "extra": {
                "branch-alias": {
                    "dev-master": "2.3-dev",
                    "dev-develop": "2.4-dev"
                }
            },
            "autoload": {
                "psr-0": {
                    "Zend\\": "library/"
                }
            },
            "notification-url": "https://packagist.org/downloads/",
            "license": [
                "BSD-3-Clause"
            ],
            "description": "Zend Framework 2",
            "homepage": "http://framework.zend.com/",
            "keywords": [
                "framework",
                "zf2"
            ],
            "time": "2015-05-11 16:03:51"
        },
        {
            "name": "zendframework/zendxml",
            "version": "1.0.2",
            "source": {
                "type": "git",
                "url": "https://github.com/zendframework/ZendXml.git",
                "reference": "7b64507bc35d841c9c5802d67f6f87ef8e1a58c9"
            },
            "dist": {
                "type": "zip",
                "url": "https://api.github.com/repos/zendframework/ZendXml/zipball/7b64507bc35d841c9c5802d67f6f87ef8e1a58c9",
                "reference": "7b64507bc35d841c9c5802d67f6f87ef8e1a58c9",
                "shasum": ""
            },
            "require": {
                "php": "^5.3.3 || ^7.0"
            },
            "require-dev": {
                "phpunit/phpunit": "^3.7 || ^4.0",
                "squizlabs/php_codesniffer": "^1.5"
            },
            "type": "library",
            "extra": {
                "branch-alias": {
                    "dev-master": "1.0-dev"
                }
            },
            "autoload": {
                "psr-0": {
                    "ZendXml\\": "library/"
                }
            },
            "notification-url": "https://packagist.org/downloads/",
            "license": [
                "BSD-3-Clause"
            ],
            "description": "Utility library for XML usage, best practices, and security in PHP",
            "homepage": "http://packages.zendframework.com/",
            "keywords": [
                "security",
                "xml",
                "zf2"
            ],
            "time": "2016-02-04 21:02:08"
        },
        {
            "name": "zf-commons/zfc-admin",
            "version": "dev-master",
            "source": {
                "type": "git",
                "url": "https://github.com/ZF-Commons/ZfcAdmin.git",
                "reference": "86794b7c3162516586c2e3e0d5814887bec58e95"
            },
            "dist": {
                "type": "zip",
                "url": "https://api.github.com/repos/ZF-Commons/ZfcAdmin/zipball/86794b7c3162516586c2e3e0d5814887bec58e95",
                "reference": "86794b7c3162516586c2e3e0d5814887bec58e95",
                "shasum": ""
            },
            "require": {
                "php": ">=5.3.3",
                "zendframework/zend-eventmanager": "2.*",
                "zendframework/zend-loader": "2.*",
                "zendframework/zend-modulemanager": "2.*",
                "zendframework/zend-mvc": "2.*",
                "zendframework/zend-navigation": "2.*"
            },
            "suggest": {
                "bjyoungblood/bjy-authorize": "Access control to protect ZfcAdmin against unauthorized users"
            },
            "type": "library",
            "autoload": {
                "psr-0": {
                    "ZfcAdmin": "src/"
                },
                "classmap": [
                    "./Module.php"
                ]
            },
            "notification-url": "https://packagist.org/downloads/",
            "license": [
                "BSD-3-Clause"
            ],
            "authors": [
                {
                    "name": "Martin Shwalbe",
                    "email": "martin.shwalbe@gmail.com"
                },
                {
                    "name": "Jurian Sluiman",
                    "email": "jurian@juriansluiman.nl",
                    "homepage": "http://juriansluiman.nl/en/"
                }
            ],
            "description": "A generic Admin module for ZF2.",
            "homepage": "https://github.com/juriansluiman/ZfcAdmin",
            "keywords": [
                "zf2"
            ],
            "time": "2014-10-22 07:57:03"
        },
        {
            "name": "zf-commons/zfc-base",
            "version": "v0.1.2",
            "source": {
                "type": "git",
                "url": "https://github.com/ZF-Commons/ZfcBase.git",
                "reference": "fc68a49b58ba68584a9a4c44a1ca9df12b30d1bf"
            },
            "dist": {
                "type": "zip",
                "url": "https://api.github.com/repos/ZF-Commons/ZfcBase/zipball/fc68a49b58ba68584a9a4c44a1ca9df12b30d1bf",
                "reference": "fc68a49b58ba68584a9a4c44a1ca9df12b30d1bf",
                "shasum": ""
            },
            "require": {
                "php": ">=5.3.3",
                "zendframework/zend-db": "~2.1",
                "zendframework/zend-eventmanager": "~2.1",
                "zendframework/zend-loader": "~2.1",
                "zendframework/zend-modulemanager": "~2.1",
                "zendframework/zend-mvc": "~2.1",
                "zendframework/zend-servicemanager": "~2.1",
                "zendframework/zend-stdlib": "~2.1"
            },
            "type": "library",
            "autoload": {
                "psr-0": {
                    "ZfcBase": "src/"
                },
                "classmap": [
                    "./Module.php"
                ]
            },
            "notification-url": "https://packagist.org/downloads/",
            "authors": [
                {
                    "name": "Kyle Spraggs",
                    "email": "theman@spiffyjr.me",
                    "homepage": "http://www.spiffyjr.me/"
                },
                {
                    "name": "Evan Coury",
                    "email": "me@evancoury.com",
                    "homepage": "http://blog.evan.pro/"
                }
            ],
            "description": "A set of genetic (abstract) classes which are commonly used across multiple modules.",
            "homepage": "https://github.com/ZF-Commons/ZfcBase",
            "keywords": [
                "zf2"
            ],
            "time": "2013-05-02 12:33:49"
        },
        {
            "name": "zf-commons/zfc-user",
            "version": "1.4.4",
            "source": {
                "type": "git",
                "url": "https://github.com/ZF-Commons/ZfcUser.git",
                "reference": "f3d5fababf2d59f840527e62c4756fa81e346651"
            },
            "dist": {
                "type": "zip",
                "url": "https://api.github.com/repos/ZF-Commons/ZfcUser/zipball/f3d5fababf2d59f840527e62c4756fa81e346651",
                "reference": "f3d5fababf2d59f840527e62c4756fa81e346651",
                "shasum": ""
            },
            "require": {
                "php": "^5.3.3|~7.0",
                "zendframework/zend-authentication": "~2.1",
                "zendframework/zend-crypt": "~2.1",
                "zendframework/zend-form": "~2.1",
                "zendframework/zend-http": "~2.1",
                "zendframework/zend-inputfilter": "~2.1",
                "zendframework/zend-loader": "~2.1",
                "zendframework/zend-modulemanager": "~2.1",
                "zendframework/zend-mvc": "~2.1",
                "zendframework/zend-servicemanager": "~2.1",
                "zendframework/zend-session": "~2.1",
                "zendframework/zend-stdlib": "~2.1",
                "zendframework/zend-validator": "~2.1",
                "zendframework/zend-view": "~2.1",
                "zf-commons/zfc-base": "0.*"
            },
            "require-dev": {
                "phpmd/phpmd": "1.4.*",
                "phpunit/phpunit": ">=3.7,<4",
                "squizlabs/php_codesniffer": "1.4.*",
                "zendframework/zend-captcha": "~2.1"
            },
            "suggest": {
                "zendframework/zend-captcha": "Zend\\Captcha if you want to use the captcha component"
            },
            "type": "library",
            "extra": {
                "branch-alias": {
                    "dev-master": "0.1.x-dev"
                }
            },
            "autoload": {
                "psr-0": {
                    "ZfcUser": "src/"
                },
                "classmap": [
                    "./Module.php"
                ]
            },
            "notification-url": "https://packagist.org/downloads/",
            "license": [
                "BSD-3-Clause"
            ],
            "authors": [
                {
                    "name": "Kyle Spraggs",
                    "email": "theman@spiffyjr.me",
                    "homepage": "http://www.spiffyjr.me/"
                },
                {
                    "name": "Evan Coury",
                    "email": "me@evancoury.com",
                    "homepage": "http://blog.evan.pro/"
                }
            ],
            "description": "A generic user registration and authentication module for ZF2. Supports Zend\\Db and Doctrine2.",
            "homepage": "https://github.com/ZF-Commons/ZfcUser",
            "keywords": [
                "zf2"
            ],
            "time": "2016-05-07 11:21:34"
        }
    ],
    "packages-dev": [],
    "aliases": [],
    "minimum-stability": "stable",
    "stability-flags": {
        "zf-commons/zfc-admin": 20,
        "bjyoungblood/bjy-authorize": 20,
        "dlu/dlutwbootstrap": 20,
        "dino/dompdf-module": 20
    },
    "prefer-stable": false,
    "prefer-lowest": false,
    "platform": {
        "php": ">=5.3.3"
    },
    "platform-dev": []
}
